
Microsoft Visual Studio Solution File, Format Version 12.00
# Visual Studio Version 16
VisualStudioVersion = 16.0.31205.134
MinimumVisualStudioVersion = 10.0.40219.1
Project("{FAE04EC0-301F-11D3-BF4B-00C04F79EFBC}") = "Evac4Bim", "Evac4Bim\Evac4Bim.csproj", "{D26C8895-CD60-4B85-BF71-4E3FB6B6DAF9}"
EndProject
Project("{FAE04EC0-301F-11D3-BF4B-00C04F79EFBC}") = "CmdPlotCharts", "Evac4Bim\Commands\CmdPlotCharts\CmdPlotCharts\CmdPlotCharts.csproj", "{10523A75-038B-4867-8569-426A5C5AAD77}"
EndProject
Project("{FAE04EC0-301F-11D3-BF4B-00C04F79EFBC}") = "CmdImportParameter", "Evac4Bim\Commands\CmdImportParameter\CmdImportParameter\CmdImportParameter.csproj", "{76FFDCBD-AA67-4BC9-8D00-E0CF7F0516C2}"
EndProject
Project("{FAE04EC0-301F-11D3-BF4B-00C04F79EFBC}") = "CmdLoadParameters", "Evac4Bim\Commands\CmdLoadParameters\CmdLoadParameters\CmdLoadParameters.csproj", "{39897AED-E972-4046-94EC-9264BF3D1322}"
EndProject
Project("{FAE04EC0-301F-11D3-BF4B-00C04F79EFBC}") = "CmdRenameItems", "Evac4Bim\Commands\CmdRenameItems\CmdRenameItems\CmdRenameItems.csproj", "{5A6628BF-2479-40D7-83C6-4EDA408AF27B}"
EndProject
Project("{FAE04EC0-301F-11D3-BF4B-00C04F79EFBC}") = "CmdCreateSchedules", "Evac4Bim\Commands\CmdCreateSchedules\CmdCreateSchedules.csproj", "{9E64696B-7C48-4177-9C1A-24E2EB64ACFF}"
EndProject
Project("{FAE04EC0-301F-11D3-BF4B-00C04F79EFBC}") = "CmdEditRoomFunction", "Evac4Bim\Commands\CmdEditRoomFunction\CmdEditRoomFunction.csproj", "{C1CAFCBF-ED68-4831-BF54-22AF1D594108}"
EndProject
Project("{FAE04EC0-301F-11D3-BF4B-00C04F79EFBC}") = "CmdBuildingGroup", "Evac4Bim\Commands\CmdBuildingGroup\CmdBuildingGroup.csproj", "{E89CEEA6-B7C2-4620-9259-948E73109FAF}"
EndProject
Project("{FAE04EC0-301F-11D3-BF4B-00C04F79EFBC}") = "CmdEditParameters", "Evac4Bim\Commands\CmdEditParameters\CmdEditParameters.csproj", "{44D21D57-987A-456C-83C4-ABABCE1A8243}"
EndProject
Project("{FAE04EC0-301F-11D3-BF4B-00C04F79EFBC}") = "CmdIBCCheck", "Evac4Bim\Commands\CmdIBCCheck\CmdIBCCheck.csproj", "{DC5CFE40-E648-4480-9F6F-DA76B57DC51B}"
EndProject
Project("{FAE04EC0-301F-11D3-BF4B-00C04F79EFBC}") = "CmdEditOccupantProfiles", "Evac4Bim\Commands\CmdEditOccupantProfiles\CmdEditOccupantProfiles.csproj", "{FFF402CF-ADC2-44CF-999B-1E36A3564A5F}"
EndProject
Project("{FAE04EC0-301F-11D3-BF4B-00C04F79EFBC}") = "CmdGenerateInputFile", "Evac4Bim\Commands\CmdGenerateInputFile\CmdGenerateInputFile.csproj", "{B314BEF9-03A3-4ADF-AC12-1F749408CA96}"
EndProject
Project("{FAE04EC0-301F-11D3-BF4B-00C04F79EFBC}") = "CmdMakePaths", "Evac4Bim\Commands\CmdMakePaths\CmdMakePaths.csproj", "{3BC19489-DB6E-48A6-9D55-8CF878F30840}"
EndProject
Project("{FAE04EC0-301F-11D3-BF4B-00C04F79EFBC}") = "CmdLaunchResults", "Evac4Bim\Commands\CmdLaunchResults\CmdLaunchResults.csproj", "{7D54AF44-B145-419F-8B4A-1C2129F35BEC}"
EndProject
Project("{FAE04EC0-301F-11D3-BF4B-00C04F79EFBC}") = "CmdExportIfc", "Evac4Bim\Commands\CmdExportIfc\CmdExportIfc.csproj", "{AAFA5BF6-90E1-48F7-9DB7-D76412FAF33D}"
EndProject
Project("{FAE04EC0-301F-11D3-BF4B-00C04F79EFBC}") = "CmdResultAnimation", "Evac4Bim\Commands\CmdResultAnimation\CmdResultAnimation.csproj", "{0ACCF46E-AECD-4344-B788-07E2F14A2E20}"
EndProject
Global
	GlobalSection(SolutionConfigurationPlatforms) = preSolution
		Debug|Any CPU = Debug|Any CPU
		Release|Any CPU = Release|Any CPU
	EndGlobalSection
	GlobalSection(ProjectConfigurationPlatforms) = postSolution
		{D26C8895-CD60-4B85-BF71-4E3FB6B6DAF9}.Debug|Any CPU.ActiveCfg = Debug|Any CPU
		{D26C8895-CD60-4B85-BF71-4E3FB6B6DAF9}.Debug|Any CPU.Build.0 = Debug|Any CPU
		{D26C8895-CD60-4B85-BF71-4E3FB6B6DAF9}.Release|Any CPU.ActiveCfg = Release|Any CPU
		{D26C8895-CD60-4B85-BF71-4E3FB6B6DAF9}.Release|Any CPU.Build.0 = Release|Any CPU
		{10523A75-038B-4867-8569-426A5C5AAD77}.Debug|Any CPU.ActiveCfg = Debug|Any CPU
		{10523A75-038B-4867-8569-426A5C5AAD77}.Debug|Any CPU.Build.0 = Debug|Any CPU
		{10523A75-038B-4867-8569-426A5C5AAD77}.Release|Any CPU.ActiveCfg = Release|Any CPU
		{10523A75-038B-4867-8569-426A5C5AAD77}.Release|Any CPU.Build.0 = Release|Any CPU
		{76FFDCBD-AA67-4BC9-8D00-E0CF7F0516C2}.Debug|Any CPU.ActiveCfg = Debug|Any CPU
		{76FFDCBD-AA67-4BC9-8D00-E0CF7F0516C2}.Debug|Any CPU.Build.0 = Debug|Any CPU
		{76FFDCBD-AA67-4BC9-8D00-E0CF7F0516C2}.Release|Any CPU.ActiveCfg = Release|Any CPU
		{76FFDCBD-AA67-4BC9-8D00-E0CF7F0516C2}.Release|Any CPU.Build.0 = Release|Any CPU
		{39897AED-E972-4046-94EC-9264BF3D1322}.Debug|Any CPU.ActiveCfg = Debug|Any CPU
		{39897AED-E972-4046-94EC-9264BF3D1322}.Debug|Any CPU.Build.0 = Debug|Any CPU
		{39897AED-E972-4046-94EC-9264BF3D1322}.Release|Any CPU.ActiveCfg = Release|Any CPU
		{39897AED-E972-4046-94EC-9264BF3D1322}.Release|Any CPU.Build.0 = Release|Any CPU
		{5A6628BF-2479-40D7-83C6-4EDA408AF27B}.Debug|Any CPU.ActiveCfg = Debug|Any CPU
		{5A6628BF-2479-40D7-83C6-4EDA408AF27B}.Debug|Any CPU.Build.0 = Debug|Any CPU
		{5A6628BF-2479-40D7-83C6-4EDA408AF27B}.Release|Any CPU.ActiveCfg = Release|Any CPU
		{5A6628BF-2479-40D7-83C6-4EDA408AF27B}.Release|Any CPU.Build.0 = Release|Any CPU
		{9E64696B-7C48-4177-9C1A-24E2EB64ACFF}.Debug|Any CPU.ActiveCfg = Debug|Any CPU
		{9E64696B-7C48-4177-9C1A-24E2EB64ACFF}.Debug|Any CPU.Build.0 = Debug|Any CPU
		{9E64696B-7C48-4177-9C1A-24E2EB64ACFF}.Release|Any CPU.ActiveCfg = Release|Any CPU
		{9E64696B-7C48-4177-9C1A-24E2EB64ACFF}.Release|Any CPU.Build.0 = Release|Any CPU
		{C1CAFCBF-ED68-4831-BF54-22AF1D594108}.Debug|Any CPU.ActiveCfg = Debug|Any CPU
		{C1CAFCBF-ED68-4831-BF54-22AF1D594108}.Debug|Any CPU.Build.0 = Debug|Any CPU
		{C1CAFCBF-ED68-4831-BF54-22AF1D594108}.Release|Any CPU.ActiveCfg = Release|Any CPU
		{C1CAFCBF-ED68-4831-BF54-22AF1D594108}.Release|Any CPU.Build.0 = Release|Any CPU
		{E89CEEA6-B7C2-4620-9259-948E73109FAF}.Debug|Any CPU.ActiveCfg = Debug|Any CPU
		{E89CEEA6-B7C2-4620-9259-948E73109FAF}.Debug|Any CPU.Build.0 = Debug|Any CPU
		{E89CEEA6-B7C2-4620-9259-948E73109FAF}.Release|Any CPU.ActiveCfg = Release|Any CPU
		{E89CEEA6-B7C2-4620-9259-948E73109FAF}.Release|Any CPU.Build.0 = Release|Any CPU
		{44D21D57-987A-456C-83C4-ABABCE1A8243}.Debug|Any CPU.ActiveCfg = Debug|Any CPU
		{44D21D57-987A-456C-83C4-ABABCE1A8243}.Debug|Any CPU.Build.0 = Debug|Any CPU
		{44D21D57-987A-456C-83C4-ABABCE1A8243}.Release|Any CPU.ActiveCfg = Release|Any CPU
		{44D21D57-987A-456C-83C4-ABABCE1A8243}.Release|Any CPU.Build.0 = Release|Any CPU
		{DC5CFE40-E648-4480-9F6F-DA76B57DC51B}.Debug|Any CPU.ActiveCfg = Debug|Any CPU
		{DC5CFE40-E648-4480-9F6F-DA76B57DC51B}.Debug|Any CPU.Build.0 = Debug|Any CPU
		{DC5CFE40-E648-4480-9F6F-DA76B57DC51B}.Release|Any CPU.ActiveCfg = Release|Any CPU
		{DC5CFE40-E648-4480-9F6F-DA76B57DC51B}.Release|Any CPU.Build.0 = Release|Any CPU
		{FFF402CF-ADC2-44CF-999B-1E36A3564A5F}.Debug|Any CPU.ActiveCfg = Debug|Any CPU
		{FFF402CF-ADC2-44CF-999B-1E36A3564A5F}.Debug|Any CPU.Build.0 = Debug|Any CPU
		{FFF402CF-ADC2-44CF-999B-1E36A3564A5F}.Release|Any CPU.ActiveCfg = Release|Any CPU
		{FFF402CF-ADC2-44CF-999B-1E36A3564A5F}.Release|Any CPU.Build.0 = Release|Any CPU
		{B314BEF9-03A3-4ADF-AC12-1F749408CA96}.Debug|Any CPU.ActiveCfg = Debug|Any CPU
		{B314BEF9-03A3-4ADF-AC12-1F749408CA96}.Debug|Any CPU.Build.0 = Debug|Any CPU
		{B314BEF9-03A3-4ADF-AC12-1F749408CA96}.Release|Any CPU.ActiveCfg = Release|Any CPU
		{B314BEF9-03A3-4ADF-AC12-1F749408CA96}.Release|Any CPU.Build.0 = Release|Any CPU
		{3BC19489-DB6E-48A6-9D55-8CF878F30840}.Debug|Any CPU.ActiveCfg = Debug|Any CPU
		{3BC19489-DB6E-48A6-9D55-8CF878F30840}.Debug|Any CPU.Build.0 = Debug|Any CPU
		{3BC19489-DB6E-48A6-9D55-8CF878F30840}.Release|Any CPU.ActiveCfg = Release|Any CPU
		{3BC19489-DB6E-48A6-9D55-8CF878F30840}.Release|Any CPU.Build.0 = Release|Any CPU
		{7D54AF44-B145-419F-8B4A-1C2129F35BEC}.Debug|Any CPU.ActiveCfg = Debug|Any CPU
		{7D54AF44-B145-419F-8B4A-1C2129F35BEC}.Debug|Any CPU.Build.0 = Debug|Any CPU
		{7D54AF44-B145-419F-8B4A-1C2129F35BEC}.Release|Any CPU.ActiveCfg = Release|Any CPU
		{7D54AF44-B145-419F-8B4A-1C2129F35BEC}.Release|Any CPU.Build.0 = Release|Any CPU
		{AAFA5BF6-90E1-48F7-9DB7-D76412FAF33D}.Debug|Any CPU.ActiveCfg = Debug|Any CPU
		{AAFA5BF6-90E1-48F7-9DB7-D76412FAF33D}.Debug|Any CPU.Build.0 = Debug|Any CPU
		{AAFA5BF6-90E1-48F7-9DB7-D76412FAF33D}.Release|Any CPU.ActiveCfg = Release|Any CPU
		{AAFA5BF6-90E1-48F7-9DB7-D76412FAF33D}.Release|Any CPU.Build.0 = Release|Any CPU
		{0ACCF46E-AECD-4344-B788-07E2F14A2E20}.Debug|Any CPU.ActiveCfg = Debug|Any CPU
		{0ACCF46E-AECD-4344-B788-07E2F14A2E20}.Debug|Any CPU.Build.0 = Debug|Any CPU
		{0ACCF46E-AECD-4344-B788-07E2F14A2E20}.Release|Any CPU.ActiveCfg = Release|Any CPU
		{0ACCF46E-AECD-4344-B788-07E2F14A2E20}.Release|Any CPU.Build.0 = Release|Any CPU
	EndGlobalSection
	GlobalSection(SolutionProperties) = preSolution
		HideSolutionNode = FALSE
	EndGlobalSection
	GlobalSection(ExtensibilityGlobals) = postSolution
		SolutionGuid = {2DF3EB94-C77F-4965-8AD5-62849B19E2E5}
	EndGlobalSection
EndGlobal
