
Microsoft Visual Studio Solution File, Format Version 12.00
# Visual Studio Version 16
VisualStudioVersion = 16.0.31205.134
MinimumVisualStudioVersion = 10.0.40219.1
Project("{FAE04EC0-301F-11D3-BF4B-00C04F79EFBC}") = "CmdPlotCharts", "CmdPlotCharts\CmdPlotCharts.csproj", "{10523A75-038B-4867-8569-426A5C5AAD77}"
EndProject
Global
	GlobalSection(SolutionConfigurationPlatforms) = preSolution
		Debug|Any CPU = Debug|Any CPU
		Release|Any CPU = Release|Any CPU
	EndGlobalSection
	GlobalSection(ProjectConfigurationPlatforms) = postSolution
		{10523A75-038B-4867-8569-426A5C5AAD77}.Debug|Any CPU.ActiveCfg = Debug|Any CPU
		{10523A75-038B-4867-8569-426A5C5AAD77}.Debug|Any CPU.Build.0 = Debug|Any CPU
		{10523A75-038B-4867-8569-426A5C5AAD77}.Release|Any CPU.ActiveCfg = Release|Any CPU
		{10523A75-038B-4867-8569-426A5C5AAD77}.Release|Any CPU.Build.0 = Release|Any CPU
	EndGlobalSection
	GlobalSection(SolutionProperties) = preSolution
		HideSolutionNode = FALSE
	EndGlobalSection
	GlobalSection(ExtensibilityGlobals) = postSolution
		SolutionGuid = {AB5E7D84-8F28-43AE-A97D-514288A05A6E}
	EndGlobalSection
EndGlobal
