
Microsoft Visual Studio Solution File, Format Version 12.00
# Visual Studio Version 16
VisualStudioVersion = 16.0.31205.134
MinimumVisualStudioVersion = 10.0.40219.1
Project("{FAE04EC0-301F-11D3-BF4B-00C04F79EFBC}") = "CmdRenameItems", "CmdRenameItems\CmdRenameItems.csproj", "{5A6628BF-2479-40D7-83C6-4EDA408AF27B}"
EndProject
Global
	GlobalSection(SolutionConfigurationPlatforms) = preSolution
		Debug|Any CPU = Debug|Any CPU
		Release|Any CPU = Release|Any CPU
	EndGlobalSection
	GlobalSection(ProjectConfigurationPlatforms) = postSolution
		{5A6628BF-2479-40D7-83C6-4EDA408AF27B}.Debug|Any CPU.ActiveCfg = Debug|Any CPU
		{5A6628BF-2479-40D7-83C6-4EDA408AF27B}.Debug|Any CPU.Build.0 = Debug|Any CPU
		{5A6628BF-2479-40D7-83C6-4EDA408AF27B}.Release|Any CPU.ActiveCfg = Release|Any CPU
		{5A6628BF-2479-40D7-83C6-4EDA408AF27B}.Release|Any CPU.Build.0 = Release|Any CPU
	EndGlobalSection
	GlobalSection(SolutionProperties) = preSolution
		HideSolutionNode = FALSE
	EndGlobalSection
	GlobalSection(ExtensibilityGlobals) = postSolution
		SolutionGuid = {672678D8-FA43-493C-8A15-9E7D64F1D625}
	EndGlobalSection
EndGlobal
